
Microsoft Visual Studio Solution File, Format Version 12.00
# Visual Studio Version 17
VisualStudioVersion = 17.4.33205.214
MinimumVisualStudioVersion = 10.0.40219.1
Project("{FAE04EC0-301F-11D3-BF4B-00C04F79EFBC}") = "Urun_Takip", "Urun_Takip\Urun_Takip.csproj", "{F6165576-B0BB-4B02-A157-CCEC2E08015C}"
EndProject
Global
	GlobalSection(SolutionConfigurationPlatforms) = preSolution
		Debug|Any CPU = Debug|Any CPU
		Release|Any CPU = Release|Any CPU
	EndGlobalSection
	GlobalSection(ProjectConfigurationPlatforms) = postSolution
		{F6165576-B0BB-4B02-A157-CCEC2E08015C}.Debug|Any CPU.ActiveCfg = Debug|Any CPU
		{F6165576-B0BB-4B02-A157-CCEC2E08015C}.Debug|Any CPU.Build.0 = Debug|Any CPU
		{F6165576-B0BB-4B02-A157-CCEC2E08015C}.Release|Any CPU.ActiveCfg = Release|Any CPU
		{F6165576-B0BB-4B02-A157-CCEC2E08015C}.Release|Any CPU.Build.0 = Release|Any CPU
	EndGlobalSection
	GlobalSection(SolutionProperties) = preSolution
		HideSolutionNode = FALSE
	EndGlobalSection
	GlobalSection(ExtensibilityGlobals) = postSolution
		SolutionGuid = {E7DB6E28-F7C3-46BF-BB1A-FABE5E63FB76}
	EndGlobalSection
EndGlobal
