
Microsoft Visual Studio Solution File, Format Version 12.00
# Visual Studio Version 17
VisualStudioVersion = 17.4.33205.214
MinimumVisualStudioVersion = 10.0.40219.1
Project("{FAE04EC0-301F-11D3-BF4B-00C04F79EFBC}") = "Sezar_Sifreleme", "Sezar_Sifreleme\Sezar_Sifreleme.csproj", "{3BCC748D-0752-4992-B136-B33BF97BDAF9}"
EndProject
Global
	GlobalSection(SolutionConfigurationPlatforms) = preSolution
		Debug|Any CPU = Debug|Any CPU
		Release|Any CPU = Release|Any CPU
	EndGlobalSection
	GlobalSection(ProjectConfigurationPlatforms) = postSolution
		{3BCC748D-0752-4992-B136-B33BF97BDAF9}.Debug|Any CPU.ActiveCfg = Debug|Any CPU
		{3BCC748D-0752-4992-B136-B33BF97BDAF9}.Debug|Any CPU.Build.0 = Debug|Any CPU
		{3BCC748D-0752-4992-B136-B33BF97BDAF9}.Release|Any CPU.ActiveCfg = Release|Any CPU
		{3BCC748D-0752-4992-B136-B33BF97BDAF9}.Release|Any CPU.Build.0 = Release|Any CPU
	EndGlobalSection
	GlobalSection(SolutionProperties) = preSolution
		HideSolutionNode = FALSE
	EndGlobalSection
	GlobalSection(ExtensibilityGlobals) = postSolution
		SolutionGuid = {29EC8DE5-601F-43C7-B5D2-7970C0276784}
	EndGlobalSection
EndGlobal
