
Microsoft Visual Studio Solution File, Format Version 12.00
# Visual Studio Version 16
VisualStudioVersion = 16.0.32228.343
MinimumVisualStudioVersion = 10.0.40219.1
Project("{FAE04EC0-301F-11D3-BF4B-00C04F79EFBC}") = "Temel_Arac_Kullanimlari", "Temel_Arac_Kullanimlari\Temel_Arac_Kullanimlari.csproj", "{C03EEDD3-E1DC-4995-8FE1-73AA01111F31}"
EndProject
Global
	GlobalSection(SolutionConfigurationPlatforms) = preSolution
		Debug|Any CPU = Debug|Any CPU
		Release|Any CPU = Release|Any CPU
	EndGlobalSection
	GlobalSection(ProjectConfigurationPlatforms) = postSolution
		{C03EEDD3-E1DC-4995-8FE1-73AA01111F31}.Debug|Any CPU.ActiveCfg = Debug|Any CPU
		{C03EEDD3-E1DC-4995-8FE1-73AA01111F31}.Debug|Any CPU.Build.0 = Debug|Any CPU
		{C03EEDD3-E1DC-4995-8FE1-73AA01111F31}.Release|Any CPU.ActiveCfg = Release|Any CPU
		{C03EEDD3-E1DC-4995-8FE1-73AA01111F31}.Release|Any CPU.Build.0 = Release|Any CPU
	EndGlobalSection
	GlobalSection(SolutionProperties) = preSolution
		HideSolutionNode = FALSE
	EndGlobalSection
	GlobalSection(ExtensibilityGlobals) = postSolution
		SolutionGuid = {7621D6F2-B94D-49E0-B53E-58DFC455F400}
	EndGlobalSection
EndGlobal
